lockVersion: 2.0.0
id: 48f73216-74ac-483a-863e-b24adeebd201
management:
  docChecksum: 35452b03a7656852880f92c8b3a255e9
  docVersion: 0.0.1
  speakeasyVersion: 1.541.2
  generationVersion: 2.595.4
  releaseVersion: 0.0.1
  configChecksum: a0ced32f3f1e75712357ecf9e673a4f1
features:
  go:
    additionalDependencies: 0.1.0
    additionalProperties: 0.1.2
    core: 3.7.4
    defaultEnabledRetries: 0.2.0
    envVarSecurityUsage: 0.3.2
    flattening: 2.81.1
    globalSecurity: 2.82.11
    globalSecurityCallbacks: 0.1.0
    globalSecurityFlattening: 0.1.0
    globalServerURLs: 2.82.2
    globals: 2.82.2
    intellisenseMarkdownSupport: 0.1.0
    methodSecurity: 2.82.3
    nameOverrides: 2.81.2
    nullables: 0.1.1
    responseFormat: 0.1.2
    retries: 2.83.2
    sdkHooks: 0.1.0
    unions: 2.85.10
generatedFiles:
  - .gitattributes
  - /models/apierrors/badrequesterror.go
  - /models/apierrors/internalservererror.go
  - /models/apierrors/notfounderror.go
  - /models/apierrors/ratelimitederror.go
  - /models/apierrors/timeouterror.go
  - /models/apierrors/unauthorizederror.go
  - /models/components/awssqsconfig.go
  - /models/components/awssqscredentials.go
  - /models/components/deliveryattempt.go
  - /models/components/destination.go
  - /models/components/destinationawssqs.go
  - /models/components/destinationcreate.go
  - /models/components/destinationcreateawssqs.go
  - /models/components/destinationcreaterabbitmq.go
  - /models/components/destinationcreatewebhook.go
  - /models/components/destinationoauthredirect.go
  - /models/components/destinationrabbitmq.go
  - /models/components/destinationschemafield.go
  - /models/components/destinationtypeschema.go
  - /models/components/destinationupdate.go
  - /models/components/destinationupdateawssqs.go
  - /models/components/destinationupdaterabbitmq.go
  - /models/components/destinationupdatewebhook.go
  - /models/components/destinationwebhook.go
  - /models/components/event.go
  - /models/components/httpmetadata.go
  - /models/components/portalredirect.go
  - /models/components/publishrequest.go
  - /models/components/rabbitmqconfig.go
  - /models/components/rabbitmqcredentials.go
  - /models/components/security.go
  - /models/components/successresponse.go
  - /models/components/tenant.go
  - /models/components/tenanttoken.go
  - /models/components/topics.go
  - /models/components/webhookconfig.go
  - /models/components/webhookcredentials.go
  - /models/components/webhookcredentialsupdate.go
  - /models/operations/createtenantdestination.go
  - /models/operations/deletetenant.go
  - /models/operations/deletetenantdestination.go
  - /models/operations/disabletenantdestination.go
  - /models/operations/enabletenantdestination.go
  - /models/operations/getdestinationtypeschemajwt.go
  - /models/operations/getportalurljwtcontext.go
  - /models/operations/gettenant.go
  - /models/operations/gettenantdestination.go
  - /models/operations/gettenantdestinationtypeschema.go
  - /models/operations/gettenantevent.go
  - /models/operations/gettenanteventbydestination.go
  - /models/operations/gettenantportalurl.go
  - /models/operations/gettenanttoken.go
  - /models/operations/gettenanttokenjwtcontext.go
  - /models/operations/healthcheck.go
  - /models/operations/listdestinationtypeschemasjwt.go
  - /models/operations/listtenantdestinations.go
  - /models/operations/listtenantdestinationtypeschemas.go
  - /models/operations/listtenanteventdeliveries.go
  - /models/operations/listtenantevents.go
  - /models/operations/listtenanteventsbydestination.go
  - /models/operations/listtenanttopics.go
  - /models/operations/listtopicsjwt.go
  - /models/operations/publishevent.go
  - /models/operations/retrytenantevent.go
  - /models/operations/updatetenantdestination.go
  - /models/operations/upserttenant.go
  - USAGE.md
  - destinations.go
  - docs/models/apierrors/badrequesterror.md
  - docs/models/apierrors/internalservererror.md
  - docs/models/apierrors/notfounderror.md
  - docs/models/apierrors/ratelimitederror.md
  - docs/models/apierrors/timeouterror.md
  - docs/models/apierrors/unauthorizederror.md
  - docs/models/components/awssqsconfig.md
  - docs/models/components/awssqscredentials.md
  - docs/models/components/deliveryattempt.md
  - docs/models/components/destination.md
  - docs/models/components/destinationawssqs.md
  - docs/models/components/destinationawssqstype.md
  - docs/models/components/destinationcreate.md
  - docs/models/components/destinationcreateawssqs.md
  - docs/models/components/destinationcreateawssqstype.md
  - docs/models/components/destinationcreaterabbitmq.md
  - docs/models/components/destinationcreaterabbitmqtype.md
  - docs/models/components/destinationcreatewebhook.md
  - docs/models/components/destinationcreatewebhooktype.md
  - docs/models/components/destinationoauthredirect.md
  - docs/models/components/destinationrabbitmq.md
  - docs/models/components/destinationrabbitmqtype.md
  - docs/models/components/destinationschemafield.md
  - docs/models/components/destinationschemafieldtype.md
  - docs/models/components/destinationtypeschema.md
  - docs/models/components/destinationupdate.md
  - docs/models/components/destinationupdateawssqs.md
  - docs/models/components/destinationupdaterabbitmq.md
  - docs/models/components/destinationupdatewebhook.md
  - docs/models/components/destinationwebhook.md
  - docs/models/components/destinationwebhooktype.md
  - docs/models/components/event.md
  - docs/models/components/httpmetadata.md
  - docs/models/components/portalredirect.md
  - docs/models/components/publishrequest.md
  - docs/models/components/rabbitmqconfig.md
  - docs/models/components/rabbitmqcredentials.md
  - docs/models/components/security.md
  - docs/models/components/status.md
  - docs/models/components/successresponse.md
  - docs/models/components/tenant.md
  - docs/models/components/tenanttoken.md
  - docs/models/components/tls.md
  - docs/models/components/topics.md
  - docs/models/components/topicsenum.md
  - docs/models/components/webhookconfig.md
  - docs/models/components/webhookcredentials.md
  - docs/models/components/webhookcredentialsupdate.md
  - docs/models/operations/createtenantdestinationglobals.md
  - docs/models/operations/createtenantdestinationrequest.md
  - docs/models/operations/createtenantdestinationresponse.md
  - docs/models/operations/createtenantdestinationsecurity.md
  - docs/models/operations/deletetenantdestinationglobals.md
  - docs/models/operations/deletetenantdestinationrequest.md
  - docs/models/operations/deletetenantdestinationresponse.md
  - docs/models/operations/deletetenantdestinationsecurity.md
  - docs/models/operations/deletetenantglobals.md
  - docs/models/operations/deletetenantrequest.md
  - docs/models/operations/deletetenantresponse.md
  - docs/models/operations/deletetenantsecurity.md
  - docs/models/operations/destinationid.md
  - docs/models/operations/disabletenantdestinationglobals.md
  - docs/models/operations/disabletenantdestinationrequest.md
  - docs/models/operations/disabletenantdestinationresponse.md
  - docs/models/operations/disabletenantdestinationsecurity.md
  - docs/models/operations/enabletenantdestinationglobals.md
  - docs/models/operations/enabletenantdestinationrequest.md
  - docs/models/operations/enabletenantdestinationresponse.md
  - docs/models/operations/enabletenantdestinationsecurity.md
  - docs/models/operations/getdestinationtypeschemajwtrequest.md
  - docs/models/operations/getdestinationtypeschemajwtresponse.md
  - docs/models/operations/getdestinationtypeschemajwtsecurity.md
  - docs/models/operations/getdestinationtypeschemajwttype.md
  - docs/models/operations/getportalurljwtcontextrequest.md
  - docs/models/operations/getportalurljwtcontextresponse.md
  - docs/models/operations/getportalurljwtcontexttheme.md
  - docs/models/operations/gettenantdestinationglobals.md
  - docs/models/operations/gettenantdestinationrequest.md
  - docs/models/operations/gettenantdestinationresponse.md
  - docs/models/operations/gettenantdestinationsecurity.md
  - docs/models/operations/gettenantdestinationtypeschemaglobals.md
  - docs/models/operations/gettenantdestinationtypeschemarequest.md
  - docs/models/operations/gettenantdestinationtypeschemaresponse.md
  - docs/models/operations/gettenantdestinationtypeschemasecurity.md
  - docs/models/operations/gettenantdestinationtypeschematype.md
  - docs/models/operations/gettenanteventbydestinationglobals.md
  - docs/models/operations/gettenanteventbydestinationrequest.md
  - docs/models/operations/gettenanteventbydestinationresponse.md
  - docs/models/operations/gettenanteventbydestinationsecurity.md
  - docs/models/operations/gettenanteventglobals.md
  - docs/models/operations/gettenanteventrequest.md
  - docs/models/operations/gettenanteventresponse.md
  - docs/models/operations/gettenanteventsecurity.md
  - docs/models/operations/gettenantglobals.md
  - docs/models/operations/gettenantportalurlglobals.md
  - docs/models/operations/gettenantportalurlrequest.md
  - docs/models/operations/gettenantportalurlresponse.md
  - docs/models/operations/gettenantportalurltheme.md
  - docs/models/operations/gettenantrequest.md
  - docs/models/operations/gettenantresponse.md
  - docs/models/operations/gettenantsecurity.md
  - docs/models/operations/gettenanttokenglobals.md
  - docs/models/operations/gettenanttokenjwtcontextresponse.md
  - docs/models/operations/gettenanttokenrequest.md
  - docs/models/operations/gettenanttokenresponse.md
  - docs/models/operations/healthcheckresponse.md
  - docs/models/operations/listdestinationtypeschemasjwtresponse.md
  - docs/models/operations/listdestinationtypeschemasjwtsecurity.md
  - docs/models/operations/listtenantdestinationsglobals.md
  - docs/models/operations/listtenantdestinationsrequest.md
  - docs/models/operations/listtenantdestinationsresponse.md
  - docs/models/operations/listtenantdestinationssecurity.md
  - docs/models/operations/listtenantdestinationstypeenum1.md
  - docs/models/operations/listtenantdestinationstypeenum2.md
  - docs/models/operations/listtenantdestinationtypeschemasglobals.md
  - docs/models/operations/listtenantdestinationtypeschemasrequest.md
  - docs/models/operations/listtenantdestinationtypeschemasresponse.md
  - docs/models/operations/listtenantdestinationtypeschemassecurity.md
  - docs/models/operations/listtenanteventdeliveriesglobals.md
  - docs/models/operations/listtenanteventdeliveriesrequest.md
  - docs/models/operations/listtenanteventdeliveriesresponse.md
  - docs/models/operations/listtenanteventdeliveriessecurity.md
  - docs/models/operations/listtenanteventsbydestinationglobals.md
  - docs/models/operations/listtenanteventsbydestinationrequest.md
  - docs/models/operations/listtenanteventsbydestinationresponse.md
  - docs/models/operations/listtenanteventsbydestinationsecurity.md
  - docs/models/operations/listtenanteventsbydestinationstatus.md
  - docs/models/operations/listtenanteventsglobals.md
  - docs/models/operations/listtenanteventsrequest.md
  - docs/models/operations/listtenanteventsresponse.md
  - docs/models/operations/listtenanteventssecurity.md
  - docs/models/operations/listtenanteventsstatus.md
  - docs/models/operations/listtenanttopicsglobals.md
  - docs/models/operations/listtenanttopicsrequest.md
  - docs/models/operations/listtenanttopicsresponse.md
  - docs/models/operations/listtenanttopicssecurity.md
  - docs/models/operations/listtopicsjwtresponse.md
  - docs/models/operations/listtopicsjwtsecurity.md
  - docs/models/operations/option.md
  - docs/models/operations/publisheventresponse.md
  - docs/models/operations/retrytenanteventglobals.md
  - docs/models/operations/retrytenanteventrequest.md
  - docs/models/operations/retrytenanteventresponse.md
  - docs/models/operations/retrytenanteventsecurity.md
  - docs/models/operations/topics.md
  - docs/models/operations/type.md
  - docs/models/operations/updatetenantdestinationglobals.md
  - docs/models/operations/updatetenantdestinationrequest.md
  - docs/models/operations/updatetenantdestinationresponse.md
  - docs/models/operations/updatetenantdestinationresponsebody.md
  - docs/models/operations/updatetenantdestinationsecurity.md
  - docs/models/operations/upserttenantglobals.md
  - docs/models/operations/upserttenantrequest.md
  - docs/models/operations/upserttenantresponse.md
  - docs/sdks/destinations/README.md
  - docs/sdks/events/README.md
  - docs/sdks/health/README.md
  - docs/sdks/publish/README.md
  - docs/sdks/schemas/README.md
  - docs/sdks/sdk/README.md
  - docs/sdks/tenants/README.md
  - docs/sdks/topics/README.md
  - events.go
  - go.mod
  - health.go
  - internal/globals/globals.go
  - internal/hooks/hooks.go
  - internal/utils/contenttype.go
  - internal/utils/env.go
  - internal/utils/form.go
  - internal/utils/headers.go
  - internal/utils/json.go
  - internal/utils/pathparams.go
  - internal/utils/queryparams.go
  - internal/utils/requestbody.go
  - internal/utils/retries.go
  - internal/utils/security.go
  - internal/utils/utils.go
  - models/apierrors/apierror.go
  - models/operations/options.go
  - publish.go
  - retry/config.go
  - schemas.go
  - sdk.go
  - tenants.go
  - topics.go
  - types/bigint.go
  - types/date.go
  - types/datetime.go
  - types/decimal.go
  - types/pointers.go
examples:
  healthCheck:
    speakeasy-default-health-check:
      responses:
        "200":
          text/plain: "<value>"
        "404":
          application/json: {"key": "<value>", "key1": "<value>", "key2": "<value>"}
        "401":
          application/json: {"key": "<value>", "key1": "<value>", "key2": "<value>"}
        "408":
          application/json: {"key": "<value>", "key1": "<value>", "key2": "<value>"}
        "429":
          application/json: {"key": "<value>", "key1": "<value>", "key2": "<value>"}
        "400":
          application/json: {"key": "<value>", "key1": "<value>"}
        "504":
          application/json: {"key": "<value>", "key1": "<value>"}
        "501":
          application/json: {"key": "<value>"}
        "500":
          application/json: {"key": "<value>", "key1": "<value>", "key2": "<value>"}
        "510":
          application/json: {"key": "<value>"}
        "511":
          application/json: {"key": "<value>", "key1": "<value>", "key2": "<value>"}
  upsertTenant:
    TenantExample:
      parameters:
        path:
          tenant_id: "<id>"
      responses:
        "200":
          application/json: {"id": "tenant_123", "destinations_count": 5, "topics": ["user.created", "user.deleted"], "created_at": "2024-01-01T00:00:00Z"}
  getTenant:
    TenantExample:
      parameters:
        path:
          tenant_id: "<id>"
      responses:
        "200":
          application/json: {"id": "tenant_123", "destinations_count": 5, "topics": ["user.created", "user.deleted"], "created_at": "2024-01-01T00:00:00Z"}
  deleteTenant:
    SuccessExample:
      parameters:
        path:
          tenant_id: "<id>"
      responses:
        "200":
          application/json: {"success": true}
  getTenantPortalUrl:
    PortalRedirectExample:
      parameters:
        path:
          tenant_id: "<id>"
        query: {}
      responses:
        "200":
          application/json: {"redirect_url": "https://webhooks.acme.com/?token=JWT_TOKEN"}
  getTenantToken:
    TenantTokenExample:
      parameters:
        path:
          tenant_id: "<id>"
      responses:
        "200":
          application/json: {"token": "SOME_JWT_TOKEN"}
  getPortalUrlJwtContext:
    PortalRedirectExample:
      responses:
        "200":
          application/json: {"redirect_url": "https://webhooks.acme.com/?token=JWT_TOKEN"}
  getTenantTokenJwtContext:
    TenantTokenExample:
      responses:
        "200":
          application/json: {"token": "SOME_JWT_TOKEN"}
  listTenantDestinations:
    DestinationsListExample:
      parameters:
        path:
          tenant_id: "<id>"
        query: {}
      responses:
        "200":
          application/json: [{"id": "des_webhook_123", "type": "webhook", "topics": ["user.created", "order.shipped"], "disabled_at": null, "created_at": "2024-02-15T10:00:00Z", "config": {"url": "https://my-service.com/webhook/handler"}, "credentials": {"secret": "whsec_abc123def456", "previous_secret": "whsec_prev789xyz012", "previous_secret_invalid_at": "2024-02-16T10:00:00Z"}}, {"id": "des_sqs_456", "type": "aws_sqs", "topics": ["*"], "disabled_at": "2024-03-01T12:00:00Z", "created_at": "2024-02-20T11:30:00Z", "config": {"endpoint": "https://sqs.us-west-2.amazonaws.com", "queue_url": "https://sqs.us-west-2.amazonaws.com/123456789012/my-app-queue"}, "credentials": {"key": "AKIAIOSFODNN7EXAMPLE", "secret": "wJalrXUtnFEMI/K7MDENG/bPxRfiCYEXAMPLEKEY"}}]
  createTenantDestination:
    WebhookCreatedExample:
      parameters:
        path:
          tenant_id: "<id>"
      requestBody:
        application/json: {"id": "user-provided-id", "type": "aws_sqs", "topics": "*", "config": {"endpoint": "https://sqs.us-east-1.amazonaws.com", "queue_url": "https://sqs.us-east-1.amazonaws.com/123456789012/my-queue"}, "credentials": {"key": "AKIAIOSFODNN7EXAMPLE", "secret": "wJalrXUtnFEMI/K7MDENG/bPxRfiCYEXAMPLEKEY", "session": "AQoDYXdzEPT//////////wEXAMPLE..."}}
      responses:
        "201":
          application/json: {"id": "des_webhook_123", "type": "webhook", "topics": ["user.created", "order.shipped"], "disabled_at": null, "created_at": "2024-02-15T10:00:00Z", "config": {"url": "https://my-service.com/webhook/handler"}, "credentials": {"secret": "whsec_abc123def456"}}
  getTenantDestination:
    WebhookGetExample:
      parameters:
        path:
          tenant_id: "<id>"
          destination_id: "<id>"
      responses:
        "200":
          application/json: {"id": "des_webhook_123", "type": "webhook", "topics": ["user.created", "order.shipped"], "disabled_at": null, "created_at": "2024-02-15T10:00:00Z", "config": {"url": "https://my-service.com/webhook/handler"}, "credentials": {"secret": "whsec_abc123def456", "previous_secret": "whsec_prev789xyz012", "previous_secret_invalid_at": "2024-02-16T10:00:00Z"}}
  updateTenantDestination:
    DestinationUpdatedExample:
      parameters:
        path:
          tenant_id: "<id>"
          destination_id: "<id>"
      requestBody:
        application/json: {"topics": "*", "config": {"server_url": "localhost:5672", "exchange": "my-exchange", "tls": "false"}, "credentials": {"username": "guest", "password": "guest"}}
      responses:
        "200":
          application/json: {"redirect_url": "https://dashboard.hookdeck.com/authorize?token=12313123"}
    OAuthRedirectExample:
      parameters:
        path:
          tenant_id: "<id>"
          destination_id: "<id>"
      requestBody:
        application/json: {"topics": "*", "config": {"endpoint": "https://sqs.us-east-1.amazonaws.com", "queue_url": "https://sqs.us-east-1.amazonaws.com/123456789012/my-queue"}, "credentials": {"key": "AKIAIOSFODNN7EXAMPLE", "secret": "wJalrXUtnFEMI/K7MDENG/bPxRfiCYEXAMPLEKEY", "session": "AQoDYXdzEPT//////////wEXAMPLE..."}}
      responses:
        "200":
          application/json: {"redirect_url": "https://dashboard.hookdeck.com/authorize?token=12313123"}
  deleteTenantDestination:
    SuccessExample:
      parameters:
        path:
          tenant_id: "<id>"
          destination_id: "<id>"
      responses:
        "200":
          application/json: {"success": true}
  enableTenantDestination:
    WebhookEnabledExample:
      parameters:
        path:
          tenant_id: "<id>"
          destination_id: "<id>"
      responses:
        "200":
          application/json: {"id": "des_webhook_123", "type": "webhook", "topics": ["user.created", "order.shipped"], "disabled_at": null, "created_at": "2024-02-15T10:00:00Z", "config": {"url": "https://my-service.com/webhook/handler"}, "credentials": {"secret": "whsec_abc123def456", "previous_secret": "whsec_prev789xyz012", "previous_secret_invalid_at": "2024-02-16T10:00:00Z"}}
  disableTenantDestination:
    WebhookDisabledExample:
      parameters:
        path:
          tenant_id: "<id>"
          destination_id: "<id>"
      responses:
        "200":
          application/json: {"id": "des_webhook_123", "type": "webhook", "topics": ["user.created", "order.shipped"], "disabled_at": "2024-04-11T21:00:00Z", "created_at": "2024-02-15T10:00:00Z", "config": {"url": "https://my-service.com/webhook/handler"}, "credentials": {"secret": "whsec_abc123def456", "previous_secret": "whsec_prev789xyz012", "previous_secret_invalid_at": "2024-02-16T10:00:00Z"}}
  publishEvent:
    speakeasy-default-publish-event:
      requestBody:
        application/json: {"tenant_id": "<TENANT_ID>", "destination_id": "<DESTINATION_ID>", "topic": "topic.name", "eligible_for_retry": false, "metadata": {"source": "crm"}, "data": {"user_id": "userid", "status": "active"}}
      responses:
        "404":
          application/json: {"key": "<value>", "key1": "<value>", "key2": "<value>"}
        "403":
          application/json: {"key": "<value>", "key1": "<value>"}
        "408":
          application/json: {"key": "<value>", "key1": "<value>"}
        "429":
          application/json: {"key": "<value>", "key1": "<value>"}
        "413":
          application/json: {"key": "<value>"}
        "504":
          application/json: {"key": "<value>", "key1": "<value>"}
        "501":
          application/json: {"key": "<value>", "key1": "<value>", "key2": "<value>"}
        "500":
          application/json: {"key": "<value>", "key1": "<value>", "key2": "<value>"}
        "510":
          application/json: {"key": "<value>", "key1": "<value>"}
        "511":
          application/json: {"key": "<value>", "key1": "<value>"}
  listTenantDestinationTypeSchemas:
    DestinationTypesExample:
      parameters:
        path:
          tenant_id: "<id>"
      responses:
        "200":
          application/json: [{"type": "webhook", "label": "Webhook", "description": "Send event via an HTTP POST request to a URL", "icon": "<svg />", "instructions": "Enter the URL...", "config_fields": [{"type": "text", "label": "URL", "description": "The URL to send the event to", "validation": "/((([A-Za-z]{3,9}:(?://)?)(?:[-;:&=+$,w]+@)?[A-Za-z0-9.-]+(:[0-9]+)?|(?:www.|[-;:&=+$,w]+@)[A-Za-z0-9.-]+)((?:/[+~%/.w-_]*)???(?:[-+=&;%@.w_]*)#?(?:[w]*))?)/", "required": true}], "credential_fields": [{"type": "text", "label": "Secret", "description": "The URL to send the event to", "required": false}]}, {"type": "aws_sqs", "label": "AWS SQS", "description": "Send event to an AWS SQS queue", "icon": "<svg />", "instructions": "Enter Queue URL...", "config_fields": [{"type": "text", "label": "Queue URL"}, {"type": "text", "label": "Endpoint"}], "credential_fields": [{"type": "text", "label": "Key"}, {"type": "text", "label": "Secret"}, {"type": "text", "label": "Session"}]}]
  getTenantDestinationTypeSchema:
    WebhookSchemaExample:
      parameters:
        path:
          tenant_id: "<id>"
          type: "rabbitmq"
      responses:
        "200":
          application/json: {"type": "webhook", "label": "Webhook", "description": "Send event via an HTTP POST request to a URL", "icon": "<svg />", "instructions": "Enter the URL...", "config_fields": [{"type": "text", "label": "URL", "description": "The URL to send the event to", "validation": "/((([A-Za-z]{3,9}:(?://)?)(?:[-;:&=+$,w]+@)?[A-Za-z0-9.-]+(:[0-9]+)?|(?:www.|[-;:&=+$,w]+@)[A-Za-z0-9.-]+)((?:/[+~%/.w-_]*)???(?:[-+=&;%@.w_]*)#?(?:[w]*))?)/", "required": true}], "credential_fields": [{"type": "text", "label": "Secret", "description": "The URL to send the event to", "required": false}]}
  listDestinationTypeSchemasJwt:
    DestinationTypesExample:
      responses:
        "200":
          application/json: [{"type": "webhook", "label": "Webhook", "description": "Send event via an HTTP POST request to a URL", "icon": "<svg />", "instructions": "Enter the URL...", "config_fields": [{"type": "text", "label": "URL", "description": "The URL to send the event to", "validation": "/((([A-Za-z]{3,9}:(?://)?)(?:[-;:&=+$,w]+@)?[A-Za-z0-9.-]+(:[0-9]+)?|(?:www.|[-;:&=+$,w]+@)[A-Za-z0-9.-]+)((?:/[+~%/.w-_]*)???(?:[-+=&;%@.w_]*)#?(?:[w]*))?)/", "required": true}], "credential_fields": [{"type": "text", "label": "Secret", "description": "The URL to send the event to", "required": false}]}, {"type": "aws_sqs", "label": "AWS SQS", "description": "Send event to an AWS SQS queue", "icon": "<svg />", "instructions": "Enter Queue URL...", "config_fields": [{"type": "text", "label": "Queue URL"}, {"type": "text", "label": "Endpoint"}], "credential_fields": [{"type": "text", "label": "Key"}, {"type": "text", "label": "Secret"}, {"type": "text", "label": "Session"}]}]
  getDestinationTypeSchemaJwt:
    WebhookSchemaExample:
      parameters:
        path:
          type: "rabbitmq"
      responses:
        "200":
          application/json: {"type": "webhook", "label": "Webhook", "description": "Send event via an HTTP POST request to a URL", "icon": "<svg />", "instructions": "Enter the URL...", "config_fields": [{"type": "text", "label": "URL", "description": "The URL to send the event to", "validation": "/((([A-Za-z]{3,9}:(?://)?)(?:[-;:&=+$,w]+@)?[A-Za-z0-9.-]+(:[0-9]+)?|(?:www.|[-;:&=+$,w]+@)[A-Za-z0-9.-]+)((?:/[+~%/.w-_]*)???(?:[-+=&;%@.w_]*)#?(?:[w]*))?)/", "required": true}], "credential_fields": [{"type": "text", "label": "Secret", "description": "The URL to send the event to", "required": false}]}
  listTenantTopics:
    TopicsListExample:
      parameters:
        path:
          tenant_id: "<id>"
      responses:
        "200":
          application/json: ["user.created", "user.updated", "order.shipped", "inventory.updated"]
  listTopicsJwt:
    TopicsListExample:
      responses:
        "200":
          application/json: ["user.created", "user.updated", "order.shipped", "inventory.updated"]
  listTenantEvents:
    EventsListExample:
      parameters:
        path:
          tenant_id: "<id>"
        query: {}
      responses:
        "200":
          application/json: [{"id": "evt_123", "destination_id": "des_456", "topic": "user.created", "time": "2024-01-01T00:00:00Z", "successful_at": "2024-01-01T00:00:05Z", "metadata": {"source": "crm"}, "data": {"user_id": "userid", "status": "active"}}, {"id": "evt_789", "destination_id": "des_456", "topic": "order.shipped", "time": "2024-01-02T10:00:00Z", "successful_at": null, "metadata": {"source": "oms"}, "data": {"order_id": "orderid", "tracking": "1Z..."}}]
  getTenantEvent:
    EventExample:
      parameters:
        path:
          tenant_id: "<id>"
          event_id: "<id>"
      responses:
        "200":
          application/json: {"id": "evt_123", "destination_id": "des_456", "topic": "user.created", "time": "2024-01-01T00:00:00Z", "successful_at": "2024-01-01T00:00:05Z", "metadata": {"source": "crm"}, "data": {"user_id": "userid", "status": "active"}}
  listTenantEventDeliveries:
    DeliveriesListExample:
      parameters:
        path:
          tenant_id: "<id>"
          event_id: "<id>"
      responses:
        "200":
          application/json: [{"delivered_at": "2024-01-01T00:00:05Z", "status": "success", "response_status_code": 200, "response_body": "{\"status\":\"ok\"}", "response_headers": {"content-type": "application/json"}}, {"delivered_at": "2024-01-01T00:00:01Z", "status": "failed", "response_status_code": 503, "response_body": "Service Unavailable", "response_headers": {"content-type": "text/plain"}}]
  listTenantEventsByDestination:
    EventsListExample:
      parameters:
        path:
          tenant_id: "<id>"
          destination_id: "<id>"
        query: {}
      responses:
        "200":
          application/json: [{"id": "evt_123", "destination_id": "des_456", "topic": "user.created", "time": "2024-01-01T00:00:00Z", "successful_at": "2024-01-01T00:00:05Z", "metadata": {"source": "crm"}, "data": {"user_id": "userid", "status": "active"}}, {"id": "evt_789", "destination_id": "des_456", "topic": "order.shipped", "time": "2024-01-02T10:00:00Z", "successful_at": null, "metadata": {"source": "oms"}, "data": {"order_id": "orderid", "tracking": "1Z..."}}]
  getTenantEventByDestination:
    EventExample:
      parameters:
        path:
          tenant_id: "<id>"
          destination_id: "<id>"
          event_id: "<id>"
      responses:
        "200":
          application/json: {"id": "evt_123", "destination_id": "des_456", "topic": "user.created", "time": "2024-01-01T00:00:00Z", "successful_at": "2024-01-01T00:00:05Z", "metadata": {"source": "crm"}, "data": {"user_id": "userid", "status": "active"}}
  retryTenantEvent:
    speakeasy-default-retry-tenant-event:
      parameters:
        path:
          tenant_id: "<id>"
          destination_id: "<id>"
          event_id: "<id>"
      responses:
        "401":
          application/json: {"key": "<value>", "key1": "<value>", "key2": "<value>"}
        "408":
          application/json: {"key": "<value>"}
        "429":
          application/json: {"key": "<value>", "key1": "<value>", "key2": "<value>"}
        "400":
          application/json: {"key": "<value>"}
        "504":
          application/json: {"key": "<value>", "key1": "<value>"}
        "501":
          application/json: {"key": "<value>"}
        "500":
          application/json: {"key": "<value>", "key1": "<value>"}
        "510":
          application/json: {"key": "<value>", "key1": "<value>"}
        "511":
          application/json: {"key": "<value>"}
examplesVersion: 1.0.1
generatedTests: {}
