speakeasyVersion: 1.609.0
sources:
    Outpost API:
        sourceNamespace: outpost-api
        sourceRevisionDigest: sha256:e09cf02de047cf6d007545274c477e2a90c561074b9de170d844d9ab9ffbbca6
        sourceBlobDigest: sha256:c405cfc4f2de092323a9dd68a09f7c08b563d363bce7463fc8b426d10acacf99
        tags:
            - latest
            - 0.0.1
targets:
    outpost-go:
        source: Outpost API
        sourceNamespace: outpost-api
        sourceRevisionDigest: sha256:837897b6e2774d7ba547d9616639367bfce651d53d84190c3ee0cd32cee7e8b1
        sourceBlobDigest: sha256:3b1cd63370e0cf368a2049eaa26c9f94cd94a929de42592f8488adb5a6a3f182
        codeSamplesNamespace: outpost-api-go-code-samples
        codeSamplesRevisionDigest: sha256:1009c456ca9523b22ee077420e48d3a7dfb1ea14ec10807f78145eab51af6e0a
    outpost-python:
        source: Outpost API
        sourceNamespace: outpost-api
        sourceRevisionDigest: sha256:e09cf02de047cf6d007545274c477e2a90c561074b9de170d844d9ab9ffbbca6
        sourceBlobDigest: sha256:c405cfc4f2de092323a9dd68a09f7c08b563d363bce7463fc8b426d10acacf99
        codeSamplesNamespace: outpost-api-python-code-samples
        codeSamplesRevisionDigest: sha256:d8540bce24dc0cc34650c9546892f1d45db9fe1867c18571e046e9c72123a246
    outpost-ts:
        source: Outpost API
        sourceNamespace: outpost-api
        sourceRevisionDigest: sha256:837897b6e2774d7ba547d9616639367bfce651d53d84190c3ee0cd32cee7e8b1
        sourceBlobDigest: sha256:3b1cd63370e0cf368a2049eaa26c9f94cd94a929de42592f8488adb5a6a3f182
        codeSamplesNamespace: outpost-api-typescript-code-samples
        codeSamplesRevisionDigest: sha256:73273078c2416ff9b541f2cc8e95cf2a8254fc9ae40d2788122ca4f3e7e74416
workflow:
    workflowVersion: 1.0.0
    speakeasyVersion: latest
    sources:
        Outpost API:
            inputs:
                - location: ./docs/apis/openapi.yaml
            overlays:
                - location: ./sdks/schemas/speakeasy-modifications-overlay.yaml
                - location: ./sdks/schemas/error-types.yaml
                - location: ./sdks/schemas/pagination-fixes-overlay.yaml
            registry:
                location: registry.speakeasyapi.dev/hookdeck-dev/outpost/outpost-api
    targets:
        outpost-go:
            target: go
            source: Outpost API
            output: ./sdks/outpost-go
            codeSamples:
                registry:
                    location: registry.speakeasyapi.dev/hookdeck-dev/outpost/outpost-api-go-code-samples
                labelOverride:
                    fixedValue: Go (SDK)
                blocking: false
        outpost-python:
            target: python
            source: Outpost API
            output: ./sdks/outpost-python
            publish:
                pypi:
                    token: $pypi_token
            codeSamples:
                registry:
                    location: registry.speakeasyapi.dev/hookdeck-dev/outpost/outpost-api-python-code-samples
                labelOverride:
                    fixedValue: Python (SDK)
                blocking: false
        outpost-ts:
            target: typescript
            source: Outpost API
            output: ./sdks/outpost-typescript
            publish:
                npm:
                    token: $npm_token
            codeSamples:
                registry:
                    location: registry.speakeasyapi.dev/hookdeck-dev/outpost/outpost-api-typescript-code-samples
                labelOverride:
                    fixedValue: Typescript (SDK)
                blocking: false
