speakeasyVersion: 1.609.0
sources:
    Outpost API:
        sourceNamespace: outpost-api
        sourceRevisionDigest: sha256:e09cf02de047cf6d007545274c477e2a90c561074b9de170d844d9ab9ffbbca6
        sourceBlobDigest: sha256:c405cfc4f2de092323a9dd68a09f7c08b563d363bce7463fc8b426d10acacf99
        tags:
            - latest
            - speakeasy-sdk-regen-1756922597
            - 0.0.1
targets:
    outpost-go:
        source: Outpost API
        sourceNamespace: outpost-api
        sourceRevisionDigest: sha256:4042dbef541e06289b580460ccfb39d8f444c852e134de2245b13e1ffd43dcf3
        sourceBlobDigest: sha256:3859f29c380e176f9382eb969cefbb9c8701875d4837ee8a9549b78bf92eebc6
        codeSamplesNamespace: outpost-api-go-code-samples
        codeSamplesRevisionDigest: sha256:0e3fa3204f6f516dd30a924b7a1c07749873126109ccc30817795cd02c9854d7
    outpost-python:
        source: Outpost API
        sourceNamespace: outpost-api
        sourceRevisionDigest: sha256:e09cf02de047cf6d007545274c477e2a90c561074b9de170d844d9ab9ffbbca6
        sourceBlobDigest: sha256:c405cfc4f2de092323a9dd68a09f7c08b563d363bce7463fc8b426d10acacf99
        codeSamplesNamespace: outpost-api-python-code-samples
        codeSamplesRevisionDigest: sha256:d8540bce24dc0cc34650c9546892f1d45db9fe1867c18571e046e9c72123a246
    outpost-ts:
        source: Outpost API
        sourceNamespace: outpost-api
        sourceRevisionDigest: sha256:e09cf02de047cf6d007545274c477e2a90c561074b9de170d844d9ab9ffbbca6
        sourceBlobDigest: sha256:c405cfc4f2de092323a9dd68a09f7c08b563d363bce7463fc8b426d10acacf99
        codeSamplesNamespace: outpost-api-typescript-code-samples
        codeSamplesRevisionDigest: sha256:b1155400f3addb67547999bf99f4eb4f009470ab62329d57488f78843ff6f9b6
workflow:
    workflowVersion: 1.0.0
    speakeasyVersion: latest
    sources:
        Outpost API:
            inputs:
                - location: ./docs/apis/openapi.yaml
            overlays:
                - location: ./sdks/schemas/speakeasy-modifications-overlay.yaml
                - location: ./sdks/schemas/error-types.yaml
                - location: ./sdks/schemas/pagination-fixes-overlay.yaml
            registry:
                location: registry.speakeasyapi.dev/hookdeck-dev/outpost/outpost-api
    targets:
        outpost-go:
            target: go
            source: Outpost API
            output: ./sdks/outpost-go
            codeSamples:
                registry:
                    location: registry.speakeasyapi.dev/hookdeck-dev/outpost/outpost-api-go-code-samples
                labelOverride:
                    fixedValue: Go (SDK)
                blocking: false
        outpost-python:
            target: python
            source: Outpost API
            output: ./sdks/outpost-python
            publish:
                pypi:
                    token: $pypi_token
            codeSamples:
                registry:
                    location: registry.speakeasyapi.dev/hookdeck-dev/outpost/outpost-api-python-code-samples
                labelOverride:
                    fixedValue: Python (SDK)
                blocking: false
        outpost-ts:
            target: typescript
            source: Outpost API
            output: ./sdks/outpost-typescript
            publish:
                npm:
                    token: $npm_token
            codeSamples:
                registry:
                    location: registry.speakeasyapi.dev/hookdeck-dev/outpost/outpost-api-typescript-code-samples
                labelOverride:
                    fixedValue: Typescript (SDK)
                blocking: false
