speakeasyVersion: 1.548.1
sources:
    Outpost API:
        sourceNamespace: outpost-api
        sourceRevisionDigest: sha256:1c4019762580e312c96694a507028f356021a8928e3b18a48b4ae6f3b3e1a0f3
        sourceBlobDigest: sha256:6b2da637ba05af9973197a916e59dedc050a6ea79d39d6be15166bf3ee049bed
        tags:
            - latest
            - speakeasy-sdk-regen-1747682702
            - 0.0.1
targets:
    outpost-go:
        source: Outpost API
        sourceNamespace: outpost-api
        sourceRevisionDigest: sha256:d29ca10e30557b054364e2f189779b6eae2eb027592e66d96694164e2dfd5d3b
        sourceBlobDigest: sha256:0e5867349e513ef193e2077149c98453ab2d429af67bfb7fee79a86f22f8e47e
        codeSamplesNamespace: outpost-api-go-code-samples
        codeSamplesRevisionDigest: sha256:6a3680288d2da0e9fd6de41fdb794eadabc7a191521fe39735ea986988281186
    outpost-python:
        source: Outpost API
        sourceNamespace: outpost-api
        sourceRevisionDigest: sha256:1c4019762580e312c96694a507028f356021a8928e3b18a48b4ae6f3b3e1a0f3
        sourceBlobDigest: sha256:6b2da637ba05af9973197a916e59dedc050a6ea79d39d6be15166bf3ee049bed
        codeSamplesNamespace: outpost-api-python-code-samples
        codeSamplesRevisionDigest: sha256:ccd4f92bc5d1615864fb95da466f631a62f1f4ed7c1047cf0baefa95ed05f942
    outpost-ts:
        source: Outpost API
        sourceNamespace: outpost-api
        sourceRevisionDigest: sha256:d29ca10e30557b054364e2f189779b6eae2eb027592e66d96694164e2dfd5d3b
        sourceBlobDigest: sha256:0e5867349e513ef193e2077149c98453ab2d429af67bfb7fee79a86f22f8e47e
        codeSamplesNamespace: outpost-api-typescript-code-samples
        codeSamplesRevisionDigest: sha256:14bbf6d827f25245332b833dd539e0d1af8add597750bdd1107329cf717e7c88
workflow:
    workflowVersion: 1.0.0
    speakeasyVersion: latest
    sources:
        Outpost API:
            inputs:
                - location: ./docs/apis/openapi.yaml
            overlays:
                - location: ./sdks/schemas/speakeasy-modifications-overlay.yaml
                - location: ./sdks/schemas/error-types.yaml
            registry:
                location: registry.speakeasyapi.dev/hookdeck-dev/outpost/outpost-api
    targets:
        outpost-go:
            target: go
            source: Outpost API
            output: ./sdks/outpost-go
            codeSamples:
                registry:
                    location: registry.speakeasyapi.dev/hookdeck-dev/outpost/outpost-api-go-code-samples
                labelOverride:
                    fixedValue: Go (SDK)
                blocking: false
        outpost-python:
            target: python
            source: Outpost API
            output: ./sdks/outpost-python
            publish:
                pypi:
                    token: $pypi_token
            codeSamples:
                registry:
                    location: registry.speakeasyapi.dev/hookdeck-dev/outpost/outpost-api-python-code-samples
                labelOverride:
                    fixedValue: Python (SDK)
                blocking: false
        outpost-ts:
            target: typescript
            source: Outpost API
            output: ./sdks/outpost-typescript
            publish:
                npm:
                    token: $npm_token
            codeSamples:
                registry:
                    location: registry.speakeasyapi.dev/hookdeck-dev/outpost/outpost-api-typescript-code-samples
                labelOverride:
                    fixedValue: Typescript (SDK)
                blocking: false
